// !$*UTF8*$!
{
	archiveVersion = 1;
	classes = {
	};
	objectVersion = 56;
	objects = {

/* Begin PBXBuildFile section */
		8CC9EA402B108BFE004D456B /* AppDelegate.swift in Sources */ = {isa = PBXBuildFile; fileRef = 8CC9EA3F2B108BFE004D456B /* AppDelegate.swift */; };
		8CC9EA422B108BFE004D456B /* SceneDelegate.swift in Sources */ = {isa = PBXBuildFile; fileRef = 8CC9EA412B108BFE004D456B /* SceneDelegate.swift */; };
		8CC9EA442B108BFE004D456B /* ViewController.swift in Sources */ = {isa = PBXBuildFile; fileRef = 8CC9EA432B108BFE004D456B /* ViewController.swift */; };
		8CC9EA472B108BFE004D456B /* Main.storyboard in Resources */ = {isa = PBXBuildFile; fileRef = 8CC9EA452B108BFE004D456B /* Main.storyboard */; };
		8CC9EA492B108C00004D456B /* Assets.xcassets in Resources */ = {isa = PBXBuildFile; fileRef = 8CC9EA482B108C00004D456B /* Assets.xcassets */; };
		8CC9EA4C2B108C00004D456B /* LaunchScreen.storyboard in Resources */ = {isa = PBXBuildFile; fileRef = 8CC9EA4A2B108C00004D456B /* LaunchScreen.storyboard */; };
		8CC9EA572B108C00004D456B /* ConcentrationTests.swift in Sources */ = {isa = PBXBuildFile; fileRef = 8CC9EA562B108C00004D456B /* ConcentrationTests.swift */; };
		8CC9EA612B108C00004D456B /* ConcentrationUITests.swift in Sources */ = {isa = PBXBuildFile; fileRef = 8CC9EA602B108C00004D456B /* ConcentrationUITests.swift */; };
		8CC9EA632B108C00004D456B /* ConcentrationUITestsLaunchTests.swift in Sources */ = {isa = PBXBuildFile; fileRef = 8CC9EA622B108C00004D456B /* ConcentrationUITestsLaunchTests.swift */; };
/* End PBXBuildFile section */

/* Begin PBXContainerItemProxy section */
		8CC9EA532B108C00004D456B /* PBXContainerItemProxy */ = {
			isa = PBXContainerItemProxy;
			containerPortal = 8CC9EA342B108BFE004D456B /* Project object */;
			proxyType = 1;
			remoteGlobalIDString = 8CC9EA3B2B108BFE004D456B;
			remoteInfo = Concentration;
		};
		8CC9EA5D2B108C00004D456B /* PBXContainerItemProxy */ = {
			isa = PBXContainerItemProxy;
			containerPortal = 8CC9EA342B108BFE004D456B /* Project object */;
			proxyType = 1;
			remoteGlobalIDString = 8CC9EA3B2B108BFE004D456B;
			remoteInfo = Concentration;
		};
/* End PBXContainerItemProxy section */

/* Begin PBXFileReference section */
		8CC9EA3C2B108BFE004D456B /* Concentration.app */ = {isa = PBXFileReference; explicitFileType = wrapper.application; includeInIndex = 0; path = Concentration.app; sourceTree = BUILT_PRODUCTS_DIR; };
		8CC9EA3F2B108BFE004D456B /* AppDelegate.swift */ = {isa = PBXFileReference; lastKnownFileType = sourcecode.swift; path = AppDelegate.swift; sourceTree = "<group>"; };
		8CC9EA412B108BFE004D456B /* SceneDelegate.swift */ = {isa = PBXFileReference; lastKnownFileType = sourcecode.swift; path = SceneDelegate.swift; sourceTree = "<group>"; };
		8CC9EA432B108BFE004D456B /* ViewController.swift */ = {isa = PBXFileReference; lastKnownFileType = sourcecode.swift; path = ViewController.swift; sourceTree = "<group>"; };
		8CC9EA462B108BFE004D456B /* Base */ = {isa = PBXFileReference; lastKnownFileType = file.storyboard; name = Base; path = Base.lproj/Main.storyboard; sourceTree = "<group>"; };
		8CC9EA482B108C00004D456B /* Assets.xcassets */ = {isa = PBXFileReference; lastKnownFileType = folder.assetcatalog; path = Assets.xcassets; sourceTree = "<group>"; };
		8CC9EA4B2B108C00004D456B /* Base */ = {isa = PBXFileReference; lastKnownFileType = file.storyboard; name = Base; path = Base.lproj/LaunchScreen.storyboard; sourceTree = "<group>"; };
		8CC9EA4D2B108C00004D456B /* Info.plist */ = {isa = PBXFileReference; lastKnownFileType = text.plist.xml; path = Info.plist; sourceTree = "<group>"; };
		8CC9EA522B108C00004D456B /* ConcentrationTests.xctest */ = {isa = PBXFileReference; explicitFileType = wrapper.cfbundle; includeInIndex = 0; path = ConcentrationTests.xctest; sourceTree = BUILT_PRODUCTS_DIR; };
		8CC9EA562B108C00004D456B /* ConcentrationTests.swift */ = {isa = PBXFileReference; lastKnownFileType = sourcecode.swift; path = ConcentrationTests.swift; sourceTree = "<group>"; };
		8CC9EA5C2B108C00004D456B /* ConcentrationUITests.xctest */ = {isa = PBXFileReference; explicitFileType = wrapper.cfbundle; includeInIndex = 0; path = ConcentrationUITests.xctest; sourceTree = BUILT_PRODUCTS_DIR; };
		8CC9EA602B108C00004D456B /* ConcentrationUITests.swift */ = {isa = PBXFileReference; lastKnownFileType = sourcecode.swift; path = ConcentrationUITests.swift; sourceTree = "<group>"; };
		8CC9EA622B108C00004D456B /* ConcentrationUITestsLaunchTests.swift */ = {isa = PBXFileReference; lastKnownFileType = sourcecode.swift; path = ConcentrationUITestsLaunchTests.swift; sourceTree = "<group>"; };
/* End PBXFileReference section */

/* Begin PBXFrameworksBuildPhase section */
		8CC9EA392B108BFE004D456B /* Frameworks */ = {
			isa = PBXFrameworksBuildPhase;
			buildActionMask = 2147483647;
			files = (
			);
			runOnlyForDeploymentPostprocessing = 0;
		};
		8CC9EA4F2B108C00004D456B /* Frameworks */ = {
			isa = PBXFrameworksBuildPhase;
			buildActionMask = 2147483647;
			files = (
			);
			runOnlyForDeploymentPostprocessing = 0;
		};
		8CC9EA592B108C00004D456B /* Frameworks */ = {
			isa = PBXFrameworksBuildPhase;
			buildActionMask = 2147483647;
			files = (
			);
			runOnlyForDeploymentPostprocessing = 0;
		};
/* End PBXFrameworksBuildPhase section */

/* Begin PBXGroup section */
		8CC9EA332B108BFE004D456B = {
			isa = PBXGroup;
			children = (
				8CC9EA3E2B108BFE004D456B /* Concentration */,
				8CC9EA552B108C00004D456B /* ConcentrationTests */,
				8CC9EA5F2B108C00004D456B /* ConcentrationUITests */,
				8CC9EA3D2B108BFE004D456B /* Products */,
			);
			sourceTree = "<group>";
		};
		8CC9EA3D2B108BFE004D456B /* Products */ = {
			isa = PBXGroup;
			children = (
				8CC9EA3C2B108BFE004D456B /* Concentration.app */,
				8CC9EA522B108C00004D456B /* ConcentrationTests.xctest */,
				8CC9EA5C2B108C00004D456B /* ConcentrationUITests.xctest */,
			);
			name = Products;
			sourceTree = "<group>";
		};
		8CC9EA3E2B108BFE004D456B /* Concentration */ = {
			isa = PBXGroup;
			children = (
				8CC9EA3F2B108BFE004D456B /* AppDelegate.swift */,
				8CC9EA412B108BFE004D456B /* SceneDelegate.swift */,
				8CC9EA432B108BFE004D456B /* ViewController.swift */,
				8CC9EA452B108BFE004D456B /* Main.storyboard */,
				8CC9EA482B108C00004D456B /* Assets.xcassets */,
				8CC9EA4A2B108C00004D456B /* LaunchScreen.storyboard */,
				8CC9EA4D2B108C00004D456B /* Info.plist */,
			);
			path = Concentration;
			sourceTree = "<group>";
		};
		8CC9EA552B108C00004D456B /* ConcentrationTests */ = {
			isa = PBXGroup;
			children = (
				8CC9EA562B108C00004D456B /* ConcentrationTests.swift */,
			);
			path = ConcentrationTests;
			sourceTree = "<group>";
		};
		8CC9EA5F2B108C00004D456B /* ConcentrationUITests */ = {
			isa = PBXGroup;
			children = (
				8CC9EA602B108C00004D456B /* ConcentrationUITests.swift */,
				8CC9EA622B108C00004D456B /* ConcentrationUITestsLaunchTests.swift */,
			);
			path = ConcentrationUITests;
			sourceTree = "<group>";
		};
/* End PBXGroup section */

/* Begin PBXNativeTarget section */
		8CC9EA3B2B108BFE004D456B /* Concentration */ = {
			isa = PBXNativeTarget;
			buildConfigurationList = 8CC9EA662B108C00004D456B /* Build configuration list for PBXNativeTarget "Concentration" */;
			buildPhases = (
				8CC9EA382B108BFE004D456B /* Sources */,
				8CC9EA392B108BFE004D456B /* Frameworks */,
				8CC9EA3A2B108BFE004D456B /* Resources */,
			);
			buildRules = (
			);
			dependencies = (
			);
			name = Concentration;
			productName = Concentration;
			productReference = 8CC9EA3C2B108BFE004D456B /* Concentration.app */;
			productType = "com.apple.product-type.application";
		};
		8CC9EA512B108C00004D456B /* ConcentrationTests */ = {
			isa = PBXNativeTarget;
			buildConfigurationList = 8CC9EA692B108C00004D456B /* Build configuration list for PBXNativeTarget "ConcentrationTests" */;
			buildPhases = (
				8CC9EA4E2B108C00004D456B /* Sources */,
				8CC9EA4F2B108C00004D456B /* Frameworks */,
				8CC9EA502B108C00004D456B /* Resources */,
			);
			buildRules = (
			);
			dependencies = (
				8CC9EA542B108C00004D456B /* PBXTargetDependency */,
			);
			name = ConcentrationTests;
			productName = ConcentrationTests;
			productReference = 8CC9EA522B108C00004D456B /* ConcentrationTests.xctest */;
			productType = "com.apple.product-type.bundle.unit-test";
		};
		8CC9EA5B2B108C00004D456B /* ConcentrationUITests */ = {
			isa = PBXNativeTarget;
			buildConfigurationList = 8CC9EA6C2B108C00004D456B /* Build configuration list for PBXNativeTarget "ConcentrationUITests" */;
			buildPhases = (
				8CC9EA582B108C00004D456B /* Sources */,
				8CC9EA592B108C00004D456B /* Frameworks */,
				8CC9EA5A2B108C00004D456B /* Resources */,
			);
			buildRules = (
			);
			dependencies = (
				8CC9EA5E2B108C00004D456B /* PBXTargetDependency */,
			);
			name = ConcentrationUITests;
			productName = ConcentrationUITests;
			productReference = 8CC9EA5C2B108C00004D456B /* ConcentrationUITests.xctest */;
			productType = "com.apple.product-type.bundle.ui-testing";
		};
/* End PBXNativeTarget section */

/* Begin PBXProject section */
		8CC9EA342B108BFE004D456B /* Project object */ = {
			isa = PBXProject;
			attributes = {
				BuildIndependentTargetsInParallel = 1;
				LastSwiftUpdateCheck = 1500;
				LastUpgradeCheck = 1500;
				TargetAttributes = {
					8CC9EA3B2B108BFE004D456B = {
						CreatedOnToolsVersion = 15.0.1;
					};
					8CC9EA512B108C00004D456B = {
						CreatedOnToolsVersion = 15.0.1;
						TestTargetID = 8CC9EA3B2B108BFE004D456B;
					};
					8CC9EA5B2B108C00004D456B = {
						CreatedOnToolsVersion = 15.0.1;
						TestTargetID = 8CC9EA3B2B108BFE004D456B;
					};
				};
			};
			buildConfigurationList = 8CC9EA372B108BFE004D456B /* Build configuration list for PBXProject "Concentration" */;
			compatibilityVersion = "Xcode 14.0";
			developmentRegion = en;
			hasScannedForEncodings = 0;
			knownRegions = (
				en,
				Base,
			);
			mainGroup = 8CC9EA332B108BFE004D456B;
			productRefGroup = 8CC9EA3D2B108BFE004D456B /* Products */;
			projectDirPath = "";
			projectRoot = "";
			targets = (
				8CC9EA3B2B108BFE004D456B /* Concentration */,
				8CC9EA512B108C00004D456B /* ConcentrationTests */,
				8CC9EA5B2B108C00004D456B /* ConcentrationUITests */,
			);
		};
/* End PBXProject section */

/* Begin PBXResourcesBuildPhase section */
		8CC9EA3A2B108BFE004D456B /* Resources */ = {
			isa = PBXResourcesBuildPhase;
			buildActionMask = 2147483647;
			files = (
				8CC9EA4C2B108C00004D456B /* LaunchScreen.storyboard in Resources */,
				8CC9EA492B108C00004D456B /* Assets.xcassets in Resources */,
				8CC9EA472B108BFE004D456B /* Main.storyboard in Resources */,
			);
			runOnlyForDeploymentPostprocessing = 0;
		};
		8CC9EA502B108C00004D456B /* Resources */ = {
			isa = PBXResourcesBuildPhase;
			buildActionMask = 2147483647;
			files = (
			);
			runOnlyForDeploymentPostprocessing = 0;
		};
		8CC9EA5A2B108C00004D456B /* Resources */ = {
			isa = PBXResourcesBuildPhase;
			buildActionMask = 2147483647;
			files = (
			);
			runOnlyForDeploymentPostprocessing = 0;
		};
/* End PBXResourcesBuildPhase section */

/* Begin PBXSourcesBuildPhase section */
		8CC9EA382B108BFE004D456B /* Sources */ = {
			isa = PBXSourcesBuildPhase;
			buildActionMask = 2147483647;
			files = (
				8CC9EA442B108BFE004D456B /* ViewController.swift in Sources */,
				8CC9EA402B108BFE004D456B /* AppDelegate.swift in Sources */,
				8CC9EA422B108BFE004D456B /* SceneDelegate.swift in Sources */,
			);
			runOnlyForDeploymentPostprocessing = 0;
		};
		8CC9EA4E2B108C00004D456B /* Sources */ = {
			isa = PBXSourcesBuildPhase;
			buildActionMask = 2147483647;
			files = (
				8CC9EA572B108C00004D456B /* ConcentrationTests.swift in Sources */,
			);
			runOnlyForDeploymentPostprocessing = 0;
		};
		8CC9EA582B108C00004D456B /* Sources */ = {
			isa = PBXSourcesBuildPhase;
			buildActionMask = 2147483647;
			files = (
				8CC9EA632B108C00004D456B /* ConcentrationUITestsLaunchTests.swift in Sources */,
				8CC9EA612B108C00004D456B /* ConcentrationUITests.swift in Sources */,
			);
			runOnlyForDeploymentPostprocessing = 0;
		};
/* End PBXSourcesBuildPhase section */

/* Begin PBXTargetDependency section */
		8CC9EA542B108C00004D456B /* PBXTargetDependency */ = {
			isa = PBXTargetDependency;
			target = 8CC9EA3B2B108BFE004D456B /* Concentration */;
			targetProxy = 8CC9EA532B108C00004D456B /* PBXContainerItemProxy */;
		};
		8CC9EA5E2B108C00004D456B /* PBXTargetDependency */ = {
			isa = PBXTargetDependency;
			target = 8CC9EA3B2B108BFE004D456B /* Concentration */;
			targetProxy = 8CC9EA5D2B108C00004D456B /* PBXContainerItemProxy */;
		};
/* End PBXTargetDependency section */

/* Begin PBXVariantGroup section */
		8CC9EA452B108BFE004D456B /* Main.storyboard */ = {
			isa = PBXVariantGroup;
			children = (
				8CC9EA462B108BFE004D456B /* Base */,
			);
			name = Main.storyboard;
			sourceTree = "<group>";
		};
		8CC9EA4A2B108C00004D456B /* LaunchScreen.storyboard */ = {
			isa = PBXVariantGroup;
			children = (
				8CC9EA4B2B108C00004D456B /* Base */,
			);
			name = LaunchScreen.storyboard;
			sourceTree = "<group>";
		};
/* End PBXVariantGroup section */

/* Begin XCBuildConfiguration section */
		8CC9EA642B108C00004D456B /* Debug */ = {
			isa = XCBuildConfiguration;
			buildSettings = {
				ALWAYS_SEARCH_USER_PATHS = NO;
				ASSETCATALOG_COMPILER_GENERATE_SWIFT_ASSET_SYMBOL_EXTENSIONS = YES;
				CLANG_ANALYZER_NONNULL = YES;
				CLANG_ANALYZER_NUMBER_OBJECT_CONVERSION = YES_AGGRESSIVE;
				CLANG_CXX_LANGUAGE_STANDARD = "gnu++20";
				CLANG_ENABLE_MODULES = YES;
				CLANG_ENABLE_OBJC_ARC = YES;
				CLANG_ENABLE_OBJC_WEAK = YES;
				CLANG_WARN_BLOCK_CAPTURE_AUTORELEASING = YES;
				CLANG_WARN_BOOL_CONVERSION = YES;
				CLANG_WARN_COMMA = YES;
				CLANG_WARN_CONSTANT_CONVERSION = YES;
				CLANG_WARN_DEPRECATED_OBJC_IMPLEMENTATIONS = YES;
				CLANG_WARN_DIRECT_OBJC_ISA_USAGE = YES_ERROR;
				CLANG_WARN_DOCUMENTATION_COMMENTS = YES;
				CLANG_WARN_EMPTY_BODY = YES;
				CLANG_WARN_ENUM_CONVERSION = YES;
				CLANG_WARN_INFINITE_RECURSION = YES;
				CLANG_WARN_INT_CONVERSION = YES;
				CLANG_WARN_NON_LITERAL_NULL_CONVERSION = YES;
				CLANG_WARN_OBJC_IMPLICIT_RETAIN_SELF = YES;
				CLANG_WARN_OBJC_LITERAL_CONVERSION = YES;
				CLANG_WARN_OBJC_ROOT_CLASS = YES_ERROR;
				CLANG_WARN_QUOTED_INCLUDE_IN_FRAMEWORK_HEADER = YES;
				CLANG_WARN_RANGE_LOOP_ANALYSIS = YES;
				CLANG_WARN_STRICT_PROTOTYPES = YES;
				CLANG_WARN_SUSPICIOUS_MOVE = YES;
				CLANG_WARN_UNGUARDED_AVAILABILITY = YES_AGGRESSIVE;
				CLANG_WARN_UNREACHABLE_CODE = YES;
				CLANG_WARN__DUPLICATE_METHOD_MATCH = YES;
				COPY_PHASE_STRIP = NO;
				DEBUG_INFORMATION_FORMAT = dwarf;
				ENABLE_STRICT_OBJC_MSGSEND = YES;
				ENABLE_TESTABILITY = YES;
				ENABLE_USER_SCRIPT_SANDBOXING = YES;
				GCC_C_LANGUAGE_STANDARD = gnu17;
				GCC_DYNAMIC_NO_PIC = NO;
				GCC_NO_COMMON_BLOCKS = YES;
				GCC_OPTIMIZATION_LEVEL = 0;
				GCC_PREPROCESSOR_DEFINITIONS = (
					"DEBUG=1",
					"$(inherited)",
				);
				GCC_WARN_64_TO_32_BIT_CONVERSION = YES;
				GCC_WARN_ABOUT_RETURN_TYPE = YES_ERROR;
				GCC_WARN_UNDECLARED_SELECTOR = YES;
				GCC_WARN_UNINITIALIZED_AUTOS = YES_AGGRESSIVE;
				GCC_WARN_UNUSED_FUNCTION = YES;
				GCC_WARN_UNUSED_VARIABLE = YES;
				IPHONEOS_DEPLOYMENT_TARGET = 17.0;
				LOCALIZATION_PREFERS_STRING_CATALOGS = YES;
				MTL_ENABLE_DEBUG_INFO = INCLUDE_SOURCE;
				MTL_FAST_MATH = YES;
				ONLY_ACTIVE_ARCH = YES;
				SDKROOT = iphoneos;
				SWIFT_ACTIVE_COMPILATION_CONDITIONS = "DEBUG $(inherited)";
				SWIFT_OPTIMIZATION_LEVEL = "-Onone";
			};
			name = Debug;
		};
		8CC9EA652B108C00004D456B /* Release */ = {
			isa = XCBuildConfiguration;
			buildSettings = {
				ALWAYS_SEARCH_USER_PATHS = NO;
				ASSETCATALOG_COMPILER_GENERATE_SWIFT_ASSET_SYMBOL_EXTENSIONS = YES;
				CLANG_ANALYZER_NONNULL = YES;
				CLANG_ANALYZER_NUMBER_OBJECT_CONVERSION = YES_AGGRESSIVE;
				CLANG_CXX_LANGUAGE_STANDARD = "gnu++20";
				CLANG_ENABLE_MODULES = YES;
				CLANG_ENABLE_OBJC_ARC = YES;
				CLANG_ENABLE_OBJC_WEAK = YES;
				CLANG_WARN_BLOCK_CAPTURE_AUTORELEASING = YES;
				CLANG_WARN_BOOL_CONVERSION = YES;
				CLANG_WARN_COMMA = YES;
				CLANG_WARN_CONSTANT_CONVERSION = YES;
				CLANG_WARN_DEPRECATED_OBJC_IMPLEMENTATIONS = YES;
				CLANG_WARN_DIRECT_OBJC_ISA_USAGE = YES_ERROR;
				CLANG_WARN_DOCUMENTATION_COMMENTS = YES;
				CLANG_WARN_EMPTY_BODY = YES;
				CLANG_WARN_ENUM_CONVERSION = YES;
				CLANG_WARN_INFINITE_RECURSION = YES;
				CLANG_WARN_INT_CONVERSION = YES;
				CLANG_WARN_NON_LITERAL_NULL_CONVERSION = YES;
				CLANG_WARN_OBJC_IMPLICIT_RETAIN_SELF = YES;
				CLANG_WARN_OBJC_LITERAL_CONVERSION = YES;
				CLANG_WARN_OBJC_ROOT_CLASS = YES_ERROR;
				CLANG_WARN_QUOTED_INCLUDE_IN_FRAMEWORK_HEADER = YES;
				CLANG_WARN_RANGE_LOOP_ANALYSIS = YES;
				CLANG_WARN_STRICT_PROTOTYPES = YES;
				CLANG_WARN_SUSPICIOUS_MOVE = YES;
				CLANG_WARN_UNGUARDED_AVAILABILITY = YES_AGGRESSIVE;
				CLANG_WARN_UNREACHABLE_CODE = YES;
				CLANG_WARN__DUPLICATE_METHOD_MATCH = YES;
				COPY_PHASE_STRIP = NO;
				DEBUG_INFORMATION_FORMAT = "dwarf-with-dsym";
				ENABLE_NS_ASSERTIONS = NO;
				ENABLE_STRICT_OBJC_MSGSEND = YES;
				ENABLE_USER_SCRIPT_SANDBOXING = YES;
				GCC_C_LANGUAGE_STANDARD = gnu17;
				GCC_NO_COMMON_BLOCKS = YES;
				GCC_WARN_64_TO_32_BIT_CONVERSION = YES;
				GCC_WARN_ABOUT_RETURN_TYPE = YES_ERROR;
				GCC_WARN_UNDECLARED_SELECTOR = YES;
				GCC_WARN_UNINITIALIZED_AUTOS = YES_AGGRESSIVE;
				GCC_WARN_UNUSED_FUNCTION = YES;
				GCC_WARN_UNUSED_VARIABLE = YES;
				IPHONEOS_DEPLOYMENT_TARGET = 17.0;
				LOCALIZATION_PREFERS_STRING_CATALOGS = YES;
				MTL_ENABLE_DEBUG_INFO = NO;
				MTL_FAST_MATH = YES;
				SDKROOT = iphoneos;
				SWIFT_COMPILATION_MODE = wholemodule;
				VALIDATE_PRODUCT = YES;
			};
			name = Release;
		};
		8CC9EA672B108C00004D456B /* Debug */ = {
			isa = XCBuildConfiguration;
			buildSettings = {
				ASSETCATALOG_COMPILER_APPICON_NAME = AppIcon;
				ASSETCATALOG_COMPILER_GLOBAL_ACCENT_COLOR_NAME = AccentColor;
				CODE_SIGN_STYLE = Automatic;
				CURRENT_PROJECT_VERSION = 1;
				GENERATE_INFOPLIST_FILE = YES;
				INFOPLIST_FILE = Concentration/Info.plist;
				INFOPLIST_KEY_UIApplicationSupportsIndirectInputEvents = YES;
				INFOPLIST_KEY_UILaunchStoryboardName = LaunchScreen;
				INFOPLIST_KEY_UIMainStoryboardFile = Main;
				INFOPLIST_KEY_UISupportedInterfaceOrientations_iPad = "UIInterfaceOrientationPortrait UIInterfaceOrientationPortraitUpsideDown UIInterfaceOrientationLandscapeLeft UIInterfaceOrientationLandscapeRight";
				INFOPLIST_KEY_UISupportedInterfaceOrientations_iPhone = "UIInterfaceOrientationPortrait UIInterfaceOrientationLandscapeLeft UIInterfaceOrientationLandscapeRight";
				LD_RUNPATH_SEARCH_PATHS = (
					"$(inherited)",
					"@executable_path/Frameworks",
				);
				MARKETING_VERSION = 1.0;
				PRODUCT_BUNDLE_IDENTIFIER = carringtonmanyuchi.co.za.Concentration;
				PRODUCT_NAME = "$(TARGET_NAME)";
				SWIFT_EMIT_LOC_STRINGS = YES;
				SWIFT_VERSION = 5.0;
				TARGETED_DEVICE_FAMILY = "1,2";
			};
			name = Debug;
		};
		8CC9EA682B108C00004D456B /* Release */ = {
			isa = XCBuildConfiguration;
			buildSettings = {
				ASSETCATALOG_COMPILER_APPICON_NAME = AppIcon;
				ASSETCATALOG_COMPILER_GLOBAL_ACCENT_COLOR_NAME = AccentColor;
				CODE_SIGN_STYLE = Automatic;
				CURRENT_PROJECT_VERSION = 1;
				GENERATE_INFOPLIST_FILE = YES;
				INFOPLIST_FILE = Concentration/Info.plist;
				INFOPLIST_KEY_UIApplicationSupportsIndirectInputEvents = YES;
				INFOPLIST_KEY_UILaunchStoryboardName = LaunchScreen;
				INFOPLIST_KEY_UIMainStoryboardFile = Main;
				INFOPLIST_KEY_UISupportedInterfaceOrientations_iPad = "UIInterfaceOrientationPortrait UIInterfaceOrientationPortraitUpsideDown UIInterfaceOrientationLandscapeLeft UIInterfaceOrientationLandscapeRight";
				INFOPLIST_KEY_UISupportedInterfaceOrientations_iPhone = "UIInterfaceOrientationPortrait UIInterfaceOrientationLandscapeLeft UIInterfaceOrientationLandscapeRight";
				LD_RUNPATH_SEARCH_PATHS = (
					"$(inherited)",
					"@executable_path/Frameworks",
				);
				MARKETING_VERSION = 1.0;
				PRODUCT_BUNDLE_IDENTIFIER = carringtonmanyuchi.co.za.Concentration;
				PRODUCT_NAME = "$(TARGET_NAME)";
				SWIFT_EMIT_LOC_STRINGS = YES;
				SWIFT_VERSION = 5.0;
				TARGETED_DEVICE_FAMILY = "1,2";
			};
			name = Release;
		};
		8CC9EA6A2B108C00004D456B /* Debug */ = {
			isa = XCBuildConfiguration;
			buildSettings = {
				ALWAYS_EMBED_SWIFT_STANDARD_LIBRARIES = YES;
				BUNDLE_LOADER = "$(TEST_HOST)";
				CODE_SIGN_STYLE = Automatic;
				CURRENT_PROJECT_VERSION = 1;
				GENERATE_INFOPLIST_FILE = YES;
				IPHONEOS_DEPLOYMENT_TARGET = 17.0;
				MARKETING_VERSION = 1.0;
				PRODUCT_BUNDLE_IDENTIFIER = carringtonmanyuchi.co.za.ConcentrationTests;
				PRODUCT_NAME = "$(TARGET_NAME)";
				SWIFT_EMIT_LOC_STRINGS = NO;
				SWIFT_VERSION = 5.0;
				TARGETED_DEVICE_FAMILY = "1,2";
				TEST_HOST = "$(BUILT_PRODUCTS_DIR)/Concentration.app/$(BUNDLE_EXECUTABLE_FOLDER_PATH)/Concentration";
			};
			name = Debug;
		};
		8CC9EA6B2B108C00004D456B /* Release */ = {
			isa = XCBuildConfiguration;
			buildSettings = {
				ALWAYS_EMBED_SWIFT_STANDARD_LIBRARIES = YES;
				BUNDLE_LOADER = "$(TEST_HOST)";
				CODE_SIGN_STYLE = Automatic;
				CURRENT_PROJECT_VERSION = 1;
				GENERATE_INFOPLIST_FILE = YES;
				IPHONEOS_DEPLOYMENT_TARGET = 17.0;
				MARKETING_VERSION = 1.0;
				PRODUCT_BUNDLE_IDENTIFIER = carringtonmanyuchi.co.za.ConcentrationTests;
				PRODUCT_NAME = "$(TARGET_NAME)";
				SWIFT_EMIT_LOC_STRINGS = NO;
				SWIFT_VERSION = 5.0;
				TARGETED_DEVICE_FAMILY = "1,2";
				TEST_HOST = "$(BUILT_PRODUCTS_DIR)/Concentration.app/$(BUNDLE_EXECUTABLE_FOLDER_PATH)/Concentration";
			};
			name = Release;
		};
		8CC9EA6D2B108C00004D456B /* Debug */ = {
			isa = XCBuildConfiguration;
			buildSettings = {
				ALWAYS_EMBED_SWIFT_STANDARD_LIBRARIES = YES;
				CODE_SIGN_STYLE = Automatic;
				CURRENT_PROJECT_VERSION = 1;
				GENERATE_INFOPLIST_FILE = YES;
				MARKETING_VERSION = 1.0;
				PRODUCT_BUNDLE_IDENTIFIER = carringtonmanyuchi.co.za.ConcentrationUITests;
				PRODUCT_NAME = "$(TARGET_NAME)";
				SWIFT_EMIT_LOC_STRINGS = NO;
				SWIFT_VERSION = 5.0;
				TARGETED_DEVICE_FAMILY = "1,2";
				TEST_TARGET_NAME = Concentration;
			};
			name = Debug;
		};
		8CC9EA6E2B108C00004D456B /* Release */ = {
			isa = XCBuildConfiguration;
			buildSettings = {
				ALWAYS_EMBED_SWIFT_STANDARD_LIBRARIES = YES;
				CODE_SIGN_STYLE = Automatic;
				CURRENT_PROJECT_VERSION = 1;
				GENERATE_INFOPLIST_FILE = YES;
				MARKETING_VERSION = 1.0;
				PRODUCT_BUNDLE_IDENTIFIER = carringtonmanyuchi.co.za.ConcentrationUITests;
				PRODUCT_NAME = "$(TARGET_NAME)";
				SWIFT_EMIT_LOC_STRINGS = NO;
				SWIFT_VERSION = 5.0;
				TARGETED_DEVICE_FAMILY = "1,2";
				TEST_TARGET_NAME = Concentration;
			};
			name = Release;
		};
/* End XCBuildConfiguration section */

/* Begin XCConfigurationList section */
		8CC9EA372B108BFE004D456B /* Build configuration list for PBXProject "Concentration" */ = {
			isa = XCConfigurationList;
			buildConfigurations = (
				8CC9EA642B108C00004D456B /* Debug */,
				8CC9EA652B108C00004D456B /* Release */,
			);
			defaultConfigurationIsVisible = 0;
			defaultConfigurationName = Release;
		};
		8CC9EA662B108C00004D456B /* Build configuration list for PBXNativeTarget "Concentration" */ = {
			isa = XCConfigurationList;
			buildConfigurations = (
				8CC9EA672B108C00004D456B /* Debug */,
				8CC9EA682B108C00004D456B /* Release */,
			);
			defaultConfigurationIsVisible = 0;
			defaultConfigurationName = Release;
		};
		8CC9EA692B108C00004D456B /* Build configuration list for PBXNativeTarget "ConcentrationTests" */ = {
			isa = XCConfigurationList;
			buildConfigurations = (
				8CC9EA6A2B108C00004D456B /* Debug */,
				8CC9EA6B2B108C00004D456B /* Release */,
			);
			defaultConfigurationIsVisible = 0;
			defaultConfigurationName = Release;
		};
		8CC9EA6C2B108C00004D456B /* Build configuration list for PBXNativeTarget "ConcentrationUITests" */ = {
			isa = XCConfigurationList;
			buildConfigurations = (
				8CC9EA6D2B108C00004D456B /* Debug */,
				8CC9EA6E2B108C00004D456B /* Release */,
			);
			defaultConfigurationIsVisible = 0;
			defaultConfigurationName = Release;
		};
/* End XCConfigurationList section */
	};
	rootObject = 8CC9EA342B108BFE004D456B /* Project object */;
}
